// !$*UTF8*$!
{
	archiveVersion = 1;
	classes = {
	};
	objectVersion = 46;
	objects = {

/* Begin PBXBuildFile section */
		D3766C1B15128DCA00F1237E /* NSString+ADB.m in Sources */ = {isa = PBXBuildFile; fileRef = D3766C1A15128DCA00F1237E /* NSString+ADB.m */; };
		D3766C1F1512933300F1237E /* NSDate+ADB.m in Sources */ = {isa = PBXBuildFile; fileRef = D3766C1E1512933300F1237E /* NSDate+ADB.m */; };
		D3766C231512945F00F1237E /* UIColor+ADB.m in Sources */ = {isa = PBXBuildFile; fileRef = D3766C221512945F00F1237E /* UIColor+ADB.m */; };
		D3766C4115129AB800F1237E /* NSObject+ADB.m in Sources */ = {isa = PBXBuildFile; fileRef = D3766C4015129AB800F1237E /* NSObject+ADB.m */; };
		D37F292614F2FF2E005E0B5D /* UIPasteboard+ADB.m in Sources */ = {isa = PBXBuildFile; fileRef = D37F292514F2FF2E005E0B5D /* UIPasteboard+ADB.m */; };
		D3D427DB14F2F69100886AE2 /* UIKit.framework in Frameworks */ = {isa = PBXBuildFile; fileRef = D3D427DA14F2F69100886AE2 /* UIKit.framework */; };
		D3D427DD14F2F69100886AE2 /* Foundation.framework in Frameworks */ = {isa = PBXBuildFile; fileRef = D3D427DC14F2F69100886AE2 /* Foundation.framework */; };
		D3D427DF14F2F69100886AE2 /* CoreGraphics.framework in Frameworks */ = {isa = PBXBuildFile; fileRef = D3D427DE14F2F69100886AE2 /* CoreGraphics.framework */; };
		D3D427E514F2F69100886AE2 /* InfoPlist.strings in Resources */ = {isa = PBXBuildFile; fileRef = D3D427E314F2F69100886AE2 /* InfoPlist.strings */; };
		D3D427E714F2F69100886AE2 /* main.m in Sources */ = {isa = PBXBuildFile; fileRef = D3D427E614F2F69100886AE2 /* main.m */; };
		D3D427EB14F2F69100886AE2 /* AppDelegate.m in Sources */ = {isa = PBXBuildFile; fileRef = D3D427EA14F2F69100886AE2 /* AppDelegate.m */; };
		D3D427F714F2F6A400886AE2 /* NSArray+ADB.m in Sources */ = {isa = PBXBuildFile; fileRef = D3D427F314F2F6A400886AE2 /* NSArray+ADB.m */; };
		D3D427F814F2F6A400886AE2 /* UIView+ADB.m in Sources */ = {isa = PBXBuildFile; fileRef = D3D427F614F2F6A400886AE2 /* UIView+ADB.m */; };
		D3D427FD14F2F83900886AE2 /* UIAlertView+ADB.m in Sources */ = {isa = PBXBuildFile; fileRef = D3D427FC14F2F83900886AE2 /* UIAlertView+ADB.m */; };
		D3D4280114F2FA1700886AE2 /* NSBundle+ADB.m in Sources */ = {isa = PBXBuildFile; fileRef = D3D4280014F2FA1700886AE2 /* NSBundle+ADB.m */; };
		D3D4280514F2FAEC00886AE2 /* NSUserDefaults+ADB.m in Sources */ = {isa = PBXBuildFile; fileRef = D3D4280414F2FAEC00886AE2 /* NSUserDefaults+ADB.m */; };
/* End PBXBuildFile section */

/* Begin PBXFileReference section */
		D3766C1915128DCA00F1237E /* NSString+ADB.h */ = {isa = PBXFileReference; fileEncoding = 4; lastKnownFileType = sourcecode.c.h; path = "NSString+ADB.h"; sourceTree = "<group>"; };
		D3766C1A15128DCA00F1237E /* NSString+ADB.m */ = {isa = PBXFileReference; fileEncoding = 4; lastKnownFileType = sourcecode.c.objc; path = "NSString+ADB.m"; sourceTree = "<group>"; };
		D3766C1D1512933300F1237E /* NSDate+ADB.h */ = {isa = PBXFileReference; fileEncoding = 4; lastKnownFileType = sourcecode.c.h; path = "NSDate+ADB.h"; sourceTree = "<group>"; };
		D3766C1E1512933300F1237E /* NSDate+ADB.m */ = {isa = PBXFileReference; fileEncoding = 4; lastKnownFileType = sourcecode.c.objc; path = "NSDate+ADB.m"; sourceTree = "<group>"; };
		D3766C211512945F00F1237E /* UIColor+ADB.h */ = {isa = PBXFileReference; fileEncoding = 4; lastKnownFileType = sourcecode.c.h; path = "UIColor+ADB.h"; sourceTree = "<group>"; };
		D3766C221512945F00F1237E /* UIColor+ADB.m */ = {isa = PBXFileReference; fileEncoding = 4; lastKnownFileType = sourcecode.c.objc; path = "UIColor+ADB.m"; sourceTree = "<group>"; };
		D3766C3F15129AB800F1237E /* NSObject+ADB.h */ = {isa = PBXFileReference; fileEncoding = 4; lastKnownFileType = sourcecode.c.h; path = "NSObject+ADB.h"; sourceTree = "<group>"; };
		D3766C4015129AB800F1237E /* NSObject+ADB.m */ = {isa = PBXFileReference; fileEncoding = 4; lastKnownFileType = sourcecode.c.objc; path = "NSObject+ADB.m"; sourceTree = "<group>"; };
		D37F292414F2FF2E005E0B5D /* UIPasteboard+ADB.h */ = {isa = PBXFileReference; fileEncoding = 4; lastKnownFileType = sourcecode.c.h; path = "UIPasteboard+ADB.h"; sourceTree = "<group>"; };
		D37F292514F2FF2E005E0B5D /* UIPasteboard+ADB.m */ = {isa = PBXFileReference; fileEncoding = 4; lastKnownFileType = sourcecode.c.objc; path = "UIPasteboard+ADB.m"; sourceTree = "<group>"; };
		D3D427D614F2F69100886AE2 /* ADBCategories.app */ = {isa = PBXFileReference; explicitFileType = wrapper.application; includeInIndex = 0; path = ADBCategories.app; sourceTree = BUILT_PRODUCTS_DIR; };
		D3D427DA14F2F69100886AE2 /* UIKit.framework */ = {isa = PBXFileReference; lastKnownFileType = wrapper.framework; name = UIKit.framework; path = System/Library/Frameworks/UIKit.framework; sourceTree = SDKROOT; };
		D3D427DC14F2F69100886AE2 /* Foundation.framework */ = {isa = PBXFileReference; lastKnownFileType = wrapper.framework; name = Foundation.framework; path = System/Library/Frameworks/Foundation.framework; sourceTree = SDKROOT; };
		D3D427DE14F2F69100886AE2 /* CoreGraphics.framework */ = {isa = PBXFileReference; lastKnownFileType = wrapper.framework; name = CoreGraphics.framework; path = System/Library/Frameworks/CoreGraphics.framework; sourceTree = SDKROOT; };
		D3D427E214F2F69100886AE2 /* ADBCategories-Info.plist */ = {isa = PBXFileReference; lastKnownFileType = text.plist.xml; path = "ADBCategories-Info.plist"; sourceTree = "<group>"; };
		D3D427E414F2F69100886AE2 /* en */ = {isa = PBXFileReference; lastKnownFileType = text.plist.strings; name = en; path = en.lproj/InfoPlist.strings; sourceTree = "<group>"; };
		D3D427E614F2F69100886AE2 /* main.m */ = {isa = PBXFileReference; lastKnownFileType = sourcecode.c.objc; path = main.m; sourceTree = "<group>"; };
		D3D427E814F2F69100886AE2 /* ADBCategories-Prefix.pch */ = {isa = PBXFileReference; lastKnownFileType = sourcecode.c.h; path = "ADBCategories-Prefix.pch"; sourceTree = "<group>"; };
		D3D427E914F2F69100886AE2 /* AppDelegate.h */ = {isa = PBXFileReference; lastKnownFileType = sourcecode.c.h; path = AppDelegate.h; sourceTree = "<group>"; };
		D3D427EA14F2F69100886AE2 /* AppDelegate.m */ = {isa = PBXFileReference; lastKnownFileType = sourcecode.c.objc; path = AppDelegate.m; sourceTree = "<group>"; };
		D3D427F214F2F6A400886AE2 /* NSArray+ADB.h */ = {isa = PBXFileReference; fileEncoding = 4; lastKnownFileType = sourcecode.c.h; path = "NSArray+ADB.h"; sourceTree = "<group>"; };
		D3D427F314F2F6A400886AE2 /* NSArray+ADB.m */ = {isa = PBXFileReference; fileEncoding = 4; lastKnownFileType = sourcecode.c.objc; path = "NSArray+ADB.m"; sourceTree = "<group>"; };
		D3D427F514F2F6A400886AE2 /* UIView+ADB.h */ = {isa = PBXFileReference; fileEncoding = 4; lastKnownFileType = sourcecode.c.h; path = "UIView+ADB.h"; sourceTree = "<group>"; };
		D3D427F614F2F6A400886AE2 /* UIView+ADB.m */ = {isa = PBXFileReference; fileEncoding = 4; lastKnownFileType = sourcecode.c.objc; path = "UIView+ADB.m"; sourceTree = "<group>"; };
		D3D427FB14F2F83900886AE2 /* UIAlertView+ADB.h */ = {isa = PBXFileReference; fileEncoding = 4; lastKnownFileType = sourcecode.c.h; path = "UIAlertView+ADB.h"; sourceTree = "<group>"; };
		D3D427FC14F2F83900886AE2 /* UIAlertView+ADB.m */ = {isa = PBXFileReference; fileEncoding = 4; lastKnownFileType = sourcecode.c.objc; path = "UIAlertView+ADB.m"; sourceTree = "<group>"; };
		D3D427FF14F2FA1700886AE2 /* NSBundle+ADB.h */ = {isa = PBXFileReference; fileEncoding = 4; lastKnownFileType = sourcecode.c.h; path = "NSBundle+ADB.h"; sourceTree = "<group>"; };
		D3D4280014F2FA1700886AE2 /* NSBundle+ADB.m */ = {isa = PBXFileReference; fileEncoding = 4; lastKnownFileType = sourcecode.c.objc; path = "NSBundle+ADB.m"; sourceTree = "<group>"; };
		D3D4280314F2FAEC00886AE2 /* NSUserDefaults+ADB.h */ = {isa = PBXFileReference; fileEncoding = 4; lastKnownFileType = sourcecode.c.h; path = "NSUserDefaults+ADB.h"; sourceTree = "<group>"; };
		D3D4280414F2FAEC00886AE2 /* NSUserDefaults+ADB.m */ = {isa = PBXFileReference; fileEncoding = 4; lastKnownFileType = sourcecode.c.objc; path = "NSUserDefaults+ADB.m"; sourceTree = "<group>"; };
/* End PBXFileReference section */

/* Begin PBXFrameworksBuildPhase section */
		D3D427D314F2F69100886AE2 /* Frameworks */ = {
			isa = PBXFrameworksBuildPhase;
			buildActionMask = 2147483647;
			files = (
				D3D427DB14F2F69100886AE2 /* UIKit.framework in Frameworks */,
				D3D427DD14F2F69100886AE2 /* Foundation.framework in Frameworks */,
				D3D427DF14F2F69100886AE2 /* CoreGraphics.framework in Frameworks */,
			);
			runOnlyForDeploymentPostprocessing = 0;
		};
/* End PBXFrameworksBuildPhase section */

/* Begin PBXGroup section */
		D3766C1815128DCA00F1237E /* NSString */ = {
			isa = PBXGroup;
			children = (
				D3766C1915128DCA00F1237E /* NSString+ADB.h */,
				D3766C1A15128DCA00F1237E /* NSString+ADB.m */,
			);
			name = NSString;
			path = ../NSString;
			sourceTree = "<group>";
		};
		D3766C1C1512933300F1237E /* NSDate */ = {
			isa = PBXGroup;
			children = (
				D3766C1D1512933300F1237E /* NSDate+ADB.h */,
				D3766C1E1512933300F1237E /* NSDate+ADB.m */,
			);
			name = NSDate;
			path = ../NSDate;
			sourceTree = "<group>";
		};
		D3766C201512945F00F1237E /* UIColor */ = {
			isa = PBXGroup;
			children = (
				D3766C211512945F00F1237E /* UIColor+ADB.h */,
				D3766C221512945F00F1237E /* UIColor+ADB.m */,
			);
			name = UIColor;
			path = ../UIColor;
			sourceTree = "<group>";
		};
		D3766C3E15129AB800F1237E /* NSObject */ = {
			isa = PBXGroup;
			children = (
				D3766C3F15129AB800F1237E /* NSObject+ADB.h */,
				D3766C4015129AB800F1237E /* NSObject+ADB.m */,
			);
			name = NSObject;
			path = ../NSObject;
			sourceTree = "<group>";
		};
		D37F292314F2FF2E005E0B5D /* UIPasteboard */ = {
			isa = PBXGroup;
			children = (
				D37F292414F2FF2E005E0B5D /* UIPasteboard+ADB.h */,
				D37F292514F2FF2E005E0B5D /* UIPasteboard+ADB.m */,
			);
			name = UIPasteboard;
			path = ../UIPasteboard;
			sourceTree = "<group>";
		};
		D3D427CB14F2F69000886AE2 = {
			isa = PBXGroup;
			children = (
				D3D427F914F2F6B300886AE2 /* Src */,
				D3D427E014F2F69100886AE2 /* ADBCategories */,
				D3D427D914F2F69100886AE2 /* Frameworks */,
				D3D427D714F2F69100886AE2 /* Products */,
			);
			sourceTree = "<group>";
		};
		D3D427D714F2F69100886AE2 /* Products */ = {
			isa = PBXGroup;
			children = (
				D3D427D614F2F69100886AE2 /* ADBCategories.app */,
			);
			name = Products;
			sourceTree = "<group>";
		};
		D3D427D914F2F69100886AE2 /* Frameworks */ = {
			isa = PBXGroup;
			children = (
				D3D427DA14F2F69100886AE2 /* UIKit.framework */,
				D3D427DC14F2F69100886AE2 /* Foundation.framework */,
				D3D427DE14F2F69100886AE2 /* CoreGraphics.framework */,
			);
			name = Frameworks;
			sourceTree = "<group>";
		};
		D3D427E014F2F69100886AE2 /* ADBCategories */ = {
			isa = PBXGroup;
			children = (
				D3D427E914F2F69100886AE2 /* AppDelegate.h */,
				D3D427EA14F2F69100886AE2 /* AppDelegate.m */,
				D3D427E114F2F69100886AE2 /* Supporting Files */,
			);
			path = ADBCategories;
			sourceTree = "<group>";
		};
		D3D427E114F2F69100886AE2 /* Supporting Files */ = {
			isa = PBXGroup;
			children = (
				D3D427E214F2F69100886AE2 /* ADBCategories-Info.plist */,
				D3D427E314F2F69100886AE2 /* InfoPlist.strings */,
				D3D427E614F2F69100886AE2 /* main.m */,
				D3D427E814F2F69100886AE2 /* ADBCategories-Prefix.pch */,
			);
			name = "Supporting Files";
			sourceTree = "<group>";
		};
		D3D427F114F2F6A400886AE2 /* NSArray */ = {
			isa = PBXGroup;
			children = (
				D3D427F214F2F6A400886AE2 /* NSArray+ADB.h */,
				D3D427F314F2F6A400886AE2 /* NSArray+ADB.m */,
			);
			name = NSArray;
			path = ../NSArray;
			sourceTree = "<group>";
		};
		D3D427F414F2F6A400886AE2 /* UIView */ = {
			isa = PBXGroup;
			children = (
				D3D427F514F2F6A400886AE2 /* UIView+ADB.h */,
				D3D427F614F2F6A400886AE2 /* UIView+ADB.m */,
			);
			name = UIView;
			path = ../UIView;
			sourceTree = "<group>";
		};
		D3D427F914F2F6B300886AE2 /* Src */ = {
			isa = PBXGroup;
			children = (
				D3766C3E15129AB800F1237E /* NSObject */,
				D3766C201512945F00F1237E /* UIColor */,
				D3766C1C1512933300F1237E /* NSDate */,
				D3766C1815128DCA00F1237E /* NSString */,
				D3D427F114F2F6A400886AE2 /* NSArray */,
				D3D427F414F2F6A400886AE2 /* UIView */,
				D3D427FA14F2F83900886AE2 /* UIAlertView */,
				D3D427FE14F2FA1700886AE2 /* NSBundle */,
				D3D4280214F2FAEC00886AE2 /* NSUserDefaults */,
				D37F292314F2FF2E005E0B5D /* UIPasteboard */,
			);
			name = Src;
			sourceTree = "<group>";
		};
		D3D427FA14F2F83900886AE2 /* UIAlertView */ = {
			isa = PBXGroup;
			children = (
				D3D427FB14F2F83900886AE2 /* UIAlertView+ADB.h */,
				D3D427FC14F2F83900886AE2 /* UIAlertView+ADB.m */,
			);
			name = UIAlertView;
			path = ../UIAlertView;
			sourceTree = "<group>";
		};
		D3D427FE14F2FA1700886AE2 /* NSBundle */ = {
			isa = PBXGroup;
			children = (
				D3D427FF14F2FA1700886AE2 /* NSBundle+ADB.h */,
				D3D4280014F2FA1700886AE2 /* NSBundle+ADB.m */,
			);
			name = NSBundle;
			path = ../NSBundle;
			sourceTree = "<group>";
		};
		D3D4280214F2FAEC00886AE2 /* NSUserDefaults */ = {
			isa = PBXGroup;
			children = (
				D3D4280314F2FAEC00886AE2 /* NSUserDefaults+ADB.h */,
				D3D4280414F2FAEC00886AE2 /* NSUserDefaults+ADB.m */,
			);
			name = NSUserDefaults;
			path = ../NSUserDefaults;
			sourceTree = "<group>";
		};
/* End PBXGroup section */

/* Begin PBXNativeTarget section */
		D3D427D514F2F69100886AE2 /* ADBCategories */ = {
			isa = PBXNativeTarget;
			buildConfigurationList = D3D427EE14F2F69100886AE2 /* Build configuration list for PBXNativeTarget "ADBCategories" */;
			buildPhases = (
				D3D427D214F2F69100886AE2 /* Sources */,
				D3D427D314F2F69100886AE2 /* Frameworks */,
				D3D427D414F2F69100886AE2 /* Resources */,
			);
			buildRules = (
			);
			dependencies = (
			);
			name = ADBCategories;
			productName = ADBCategories;
			productReference = D3D427D614F2F69100886AE2 /* ADBCategories.app */;
			productType = "com.apple.product-type.application";
		};
/* End PBXNativeTarget section */

/* Begin PBXProject section */
		D3D427CD14F2F69000886AE2 /* Project object */ = {
			isa = PBXProject;
			attributes = {
				LastUpgradeCheck = 0420;
				ORGANIZATIONNAME = "H-umus";
			};
			buildConfigurationList = D3D427D014F2F69000886AE2 /* Build configuration list for PBXProject "ADBCategories" */;
			compatibilityVersion = "Xcode 3.2";
			developmentRegion = English;
			hasScannedForEncodings = 0;
			knownRegions = (
				en,
			);
			mainGroup = D3D427CB14F2F69000886AE2;
			productRefGroup = D3D427D714F2F69100886AE2 /* Products */;
			projectDirPath = "";
			projectRoot = "";
			targets = (
				D3D427D514F2F69100886AE2 /* ADBCategories */,
			);
		};
/* End PBXProject section */

/* Begin PBXResourcesBuildPhase section */
		D3D427D414F2F69100886AE2 /* Resources */ = {
			isa = PBXResourcesBuildPhase;
			buildActionMask = 2147483647;
			files = (
				D3D427E514F2F69100886AE2 /* InfoPlist.strings in Resources */,
			);
			runOnlyForDeploymentPostprocessing = 0;
		};
/* End PBXResourcesBuildPhase section */

/* Begin PBXSourcesBuildPhase section */
		D3D427D214F2F69100886AE2 /* Sources */ = {
			isa = PBXSourcesBuildPhase;
			buildActionMask = 2147483647;
			files = (
				D3D427E714F2F69100886AE2 /* main.m in Sources */,
				D3D427EB14F2F69100886AE2 /* AppDelegate.m in Sources */,
				D3D427F714F2F6A400886AE2 /* NSArray+ADB.m in Sources */,
				D3D427F814F2F6A400886AE2 /* UIView+ADB.m in Sources */,
				D3D427FD14F2F83900886AE2 /* UIAlertView+ADB.m in Sources */,
				D3D4280114F2FA1700886AE2 /* NSBundle+ADB.m in Sources */,
				D3D4280514F2FAEC00886AE2 /* NSUserDefaults+ADB.m in Sources */,
				D37F292614F2FF2E005E0B5D /* UIPasteboard+ADB.m in Sources */,
				D3766C1B15128DCA00F1237E /* NSString+ADB.m in Sources */,
				D3766C1F1512933300F1237E /* NSDate+ADB.m in Sources */,
				D3766C231512945F00F1237E /* UIColor+ADB.m in Sources */,
				D3766C4115129AB800F1237E /* NSObject+ADB.m in Sources */,
			);
			runOnlyForDeploymentPostprocessing = 0;
		};
/* End PBXSourcesBuildPhase section */

/* Begin PBXVariantGroup section */
		D3D427E314F2F69100886AE2 /* InfoPlist.strings */ = {
			isa = PBXVariantGroup;
			children = (
				D3D427E414F2F69100886AE2 /* en */,
			);
			name = InfoPlist.strings;
			sourceTree = "<group>";
		};
/* End PBXVariantGroup section */

/* Begin XCBuildConfiguration section */
		D3D427EC14F2F69100886AE2 /* Debug */ = {
			isa = XCBuildConfiguration;
			buildSettings = {
				ALWAYS_SEARCH_USER_PATHS = NO;
				ARCHS = "$(ARCHS_STANDARD_32_BIT)";
				"CODE_SIGN_IDENTITY[sdk=iphoneos*]" = "iPhone Developer";
				COPY_PHASE_STRIP = NO;
				GCC_C_LANGUAGE_STANDARD = gnu99;
				GCC_DYNAMIC_NO_PIC = NO;
				GCC_OPTIMIZATION_LEVEL = 0;
				GCC_PREPROCESSOR_DEFINITIONS = (
					"DEBUG=1",
					"$(inherited)",
				);
				GCC_SYMBOLS_PRIVATE_EXTERN = NO;
				GCC_VERSION = com.apple.compilers.llvm.clang.1_0;
				GCC_WARN_ABOUT_MISSING_PROTOTYPES = YES;
				GCC_WARN_ABOUT_RETURN_TYPE = YES;
				GCC_WARN_UNUSED_VARIABLE = YES;
				IPHONEOS_DEPLOYMENT_TARGET = 5.0;
				SDKROOT = iphoneos;
			};
			name = Debug;
		};
		D3D427ED14F2F69100886AE2 /* Release */ = {
			isa = XCBuildConfiguration;
			buildSettings = {
				ALWAYS_SEARCH_USER_PATHS = NO;
				ARCHS = "$(ARCHS_STANDARD_32_BIT)";
				"CODE_SIGN_IDENTITY[sdk=iphoneos*]" = "iPhone Developer";
				COPY_PHASE_STRIP = YES;
				GCC_C_LANGUAGE_STANDARD = gnu99;
				GCC_VERSION = com.apple.compilers.llvm.clang.1_0;
				GCC_WARN_ABOUT_MISSING_PROTOTYPES = YES;
				GCC_WARN_ABOUT_RETURN_TYPE = YES;
				GCC_WARN_UNUSED_VARIABLE = YES;
				IPHONEOS_DEPLOYMENT_TARGET = 5.0;
				OTHER_CFLAGS = "-DNS_BLOCK_ASSERTIONS=1";
				SDKROOT = iphoneos;
				VALIDATE_PRODUCT = YES;
			};
			name = Release;
		};
		D3D427EF14F2F69100886AE2 /* Debug */ = {
			isa = XCBuildConfiguration;
			buildSettings = {
				CLANG_ENABLE_OBJC_ARC = YES;
				GCC_PRECOMPILE_PREFIX_HEADER = YES;
				GCC_PREFIX_HEADER = "ADBCategories/ADBCategories-Prefix.pch";
				INFOPLIST_FILE = "ADBCategories/ADBCategories-Info.plist";
				PRODUCT_NAME = "$(TARGET_NAME)";
				WRAPPER_EXTENSION = app;
			};
			name = Debug;
		};
		D3D427F014F2F69100886AE2 /* Release */ = {
			isa = XCBuildConfiguration;
			buildSettings = {
				CLANG_ENABLE_OBJC_ARC = YES;
				GCC_PRECOMPILE_PREFIX_HEADER = YES;
				GCC_PREFIX_HEADER = "ADBCategories/ADBCategories-Prefix.pch";
				INFOPLIST_FILE = "ADBCategories/ADBCategories-Info.plist";
				PRODUCT_NAME = "$(TARGET_NAME)";
				WRAPPER_EXTENSION = app;
			};
			name = Release;
		};
/* End XCBuildConfiguration section */

/* Begin XCConfigurationList section */
		D3D427D014F2F69000886AE2 /* Build configuration list for PBXProject "ADBCategories" */ = {
			isa = XCConfigurationList;
			buildConfigurations = (
				D3D427EC14F2F69100886AE2 /* Debug */,
				D3D427ED14F2F69100886AE2 /* Release */,
			);
			defaultConfigurationIsVisible = 0;
			defaultConfigurationName = Release;
		};
		D3D427EE14F2F69100886AE2 /* Build configuration list for PBXNativeTarget "ADBCategories" */ = {
			isa = XCConfigurationList;
			buildConfigurations = (
				D3D427EF14F2F69100886AE2 /* Debug */,
				D3D427F014F2F69100886AE2 /* Release */,
			);
			defaultConfigurationIsVisible = 0;
			defaultConfigurationName = Release;
		};
/* End XCConfigurationList section */
	};
	rootObject = D3D427CD14F2F69000886AE2 /* Project object */;
}
